// !$*UTF8*$!
{
	archiveVersion = 1;
	classes = {
	};
	objectVersion = 50;
	objects = {

/* Begin PBXBuildFile section */
		0D17DF4D21DD20BE00257B8F /* GoogleService-Info.plist in Resources */ = {isa = PBXBuildFile; fileRef = 0D17DF4C21DD20BD00257B8F /* GoogleService-Info.plist */; };
		0D41576721DA3D9A002EF80C /* NewMessageController.swift in Sources */ = {isa = PBXBuildFile; fileRef = 0D41576621DA3D99002EF80C /* NewMessageController.swift */; };
		0DB2833121D8313A008FB962 /* AppDelegate.swift in Sources */ = {isa = PBXBuildFile; fileRef = 0DB2833021D8313A008FB962 /* AppDelegate.swift */; };
		0DB2833321D8313A008FB962 /* MessagesController.swift in Sources */ = {isa = PBXBuildFile; fileRef = 0DB2833221D8313A008FB962 /* MessagesController.swift */; };
		0DB2833621D8313A008FB962 /* Main.storyboard in Resources */ = {isa = PBXBuildFile; fileRef = 0DB2833421D8313A008FB962 /* Main.storyboard */; };
		0DB2833821D83142008FB962 /* Assets.xcassets in Resources */ = {isa = PBXBuildFile; fileRef = 0DB2833721D83142008FB962 /* Assets.xcassets */; };
		0DB2833B21D83142008FB962 /* LaunchScreen.storyboard in Resources */ = {isa = PBXBuildFile; fileRef = 0DB2833921D83142008FB962 /* LaunchScreen.storyboard */; };
		0DB2836D21D834A6008FB962 /* LoginController.swift in Sources */ = {isa = PBXBuildFile; fileRef = 0DB2836C21D834A6008FB962 /* LoginController.swift */; };
		0DB9F33A21DD07C600FCEC88 /* ChatLogController.swift in Sources */ = {isa = PBXBuildFile; fileRef = 0DB9F33921DD07C600FCEC88 /* ChatLogController.swift */; };
		0DB9F37A21DD09C400FCEC88 /* Extensions.swift in Sources */ = {isa = PBXBuildFile; fileRef = 0DB9F37921DD09C400FCEC88 /* Extensions.swift */; };
		0DB9F37C21DD09D500FCEC88 /* User.swift in Sources */ = {isa = PBXBuildFile; fileRef = 0DB9F37B21DD09D500FCEC88 /* User.swift */; };
		0DB9F38221DD0BB400FCEC88 /* LoginController + handlers.swift in Sources */ = {isa = PBXBuildFile; fileRef = 0DB9F38121DD0BB400FCEC88 /* LoginController + handlers.swift */; };
		CE7256A630FCF810C28652C2 /* Pods_choice.framework in Frameworks */ = {isa = PBXBuildFile; fileRef = 414B1189426A9F87598CB332 /* Pods_choice.framework */; };
/* End PBXBuildFile section */

/* Begin PBXFileReference section */
		0D17DF4C21DD20BD00257B8F /* GoogleService-Info.plist */ = {isa = PBXFileReference; fileEncoding = 4; lastKnownFileType = text.plist.xml; path = "GoogleService-Info.plist"; sourceTree = "<group>"; };
		0D41576621DA3D99002EF80C /* NewMessageController.swift */ = {isa = PBXFileReference; lastKnownFileType = sourcecode.swift; path = NewMessageController.swift; sourceTree = "<group>"; };
		0DB2832D21D8313A008FB962 /* choice.app */ = {isa = PBXFileReference; explicitFileType = wrapper.application; includeInIndex = 0; path = choice.app; sourceTree = BUILT_PRODUCTS_DIR; };
		0DB2833021D8313A008FB962 /* AppDelegate.swift */ = {isa = PBXFileReference; lastKnownFileType = sourcecode.swift; path = AppDelegate.swift; sourceTree = "<group>"; };
		0DB2833221D8313A008FB962 /* MessagesController.swift */ = {isa = PBXFileReference; lastKnownFileType = sourcecode.swift; path = MessagesController.swift; sourceTree = "<group>"; };
		0DB2833521D8313A008FB962 /* Base */ = {isa = PBXFileReference; lastKnownFileType = file.storyboard; name = Base; path = Base.lproj/Main.storyboard; sourceTree = "<group>"; };
		0DB2833721D83142008FB962 /* Assets.xcassets */ = {isa = PBXFileReference; lastKnownFileType = folder.assetcatalog; path = Assets.xcassets; sourceTree = "<group>"; };
		0DB2833A21D83142008FB962 /* Base */ = {isa = PBXFileReference; lastKnownFileType = file.storyboard; name = Base; path = Base.lproj/LaunchScreen.storyboard; sourceTree = "<group>"; };
		0DB2836C21D834A6008FB962 /* LoginController.swift */ = {isa = PBXFileReference; lastKnownFileType = sourcecode.swift; path = LoginController.swift; sourceTree = "<group>"; };
		0DB9F33921DD07C600FCEC88 /* ChatLogController.swift */ = {isa = PBXFileReference; fileEncoding = 4; lastKnownFileType = sourcecode.swift; path = ChatLogController.swift; sourceTree = "<group>"; };
		0DB9F37921DD09C400FCEC88 /* Extensions.swift */ = {isa = PBXFileReference; fileEncoding = 4; lastKnownFileType = sourcecode.swift; path = Extensions.swift; sourceTree = "<group>"; };
		0DB9F37B21DD09D500FCEC88 /* User.swift */ = {isa = PBXFileReference; fileEncoding = 4; lastKnownFileType = sourcecode.swift; path = User.swift; sourceTree = "<group>"; };
		0DB9F37F21DD0A0200FCEC88 /* Info.plist */ = {isa = PBXFileReference; fileEncoding = 4; lastKnownFileType = text.plist.xml; path = Info.plist; sourceTree = "<group>"; };
		0DB9F38121DD0BB400FCEC88 /* LoginController + handlers.swift */ = {isa = PBXFileReference; lastKnownFileType = sourcecode.swift; path = "LoginController + handlers.swift"; sourceTree = "<group>"; };
		414B1189426A9F87598CB332 /* Pods_choice.framework */ = {isa = PBXFileReference; explicitFileType = wrapper.framework; includeInIndex = 0; path = Pods_choice.framework; sourceTree = BUILT_PRODUCTS_DIR; };
		9687A7299387C6FADDE73839 /* Pods-choice.release.xcconfig */ = {isa = PBXFileReference; includeInIndex = 1; lastKnownFileType = text.xcconfig; name = "Pods-choice.release.xcconfig"; path = "Pods/Target Support Files/Pods-choice/Pods-choice.release.xcconfig"; sourceTree = "<group>"; };
		A97CD5248E126D93946D1E4A /* Pods-choice.debug.xcconfig */ = {isa = PBXFileReference; includeInIndex = 1; lastKnownFileType = text.xcconfig; name = "Pods-choice.debug.xcconfig"; path = "Pods/Target Support Files/Pods-choice/Pods-choice.debug.xcconfig"; sourceTree = "<group>"; };
/* End PBXFileReference section */

/* Begin PBXFrameworksBuildPhase section */
		0DB2832A21D8313A008FB962 /* Frameworks */ = {
			isa = PBXFrameworksBuildPhase;
			buildActionMask = 2147483647;
			files = (
				CE7256A630FCF810C28652C2 /* Pods_choice.framework in Frameworks */,
			);
			runOnlyForDeploymentPostprocessing = 0;
		};
/* End PBXFrameworksBuildPhase section */

/* Begin PBXGroup section */
		0DB2832421D8313A008FB962 = {
			isa = PBXGroup;
			children = (
				0DB2832F21D8313A008FB962 /* choice */,
				0DB2832E21D8313A008FB962 /* Products */,
				BA932117677E4490BB9E2CE1 /* Pods */,
				7B0AF07A21B78DC93FE7701C /* Frameworks */,
			);
			sourceTree = "<group>";
		};
		0DB2832E21D8313A008FB962 /* Products */ = {
			isa = PBXGroup;
			children = (
				0DB2832D21D8313A008FB962 /* choice.app */,
			);
			name = Products;
			sourceTree = "<group>";
		};
		0DB2832F21D8313A008FB962 /* choice */ = {
			isa = PBXGroup;
			children = (
				0DB9F37721DD097600FCEC88 /* Helpers */,
				0DB9F37821DD098800FCEC88 /* Model */,
				0DB2836921D831DC008FB962 /* Controller */,
				0DB2833021D8313A008FB962 /* AppDelegate.swift */,
				0DB2833421D8313A008FB962 /* Main.storyboard */,
				0DB2833721D83142008FB962 /* Assets.xcassets */,
				0DB2833921D83142008FB962 /* LaunchScreen.storyboard */,
				0DB9F37F21DD0A0200FCEC88 /* Info.plist */,
				0D17DF4C21DD20BD00257B8F /* GoogleService-Info.plist */,
			);
			path = choice;
			sourceTree = "<group>";
		};
		0DB2836921D831DC008FB962 /* Controller */ = {
			isa = PBXGroup;
			children = (
				0DB2836C21D834A6008FB962 /* LoginController.swift */,
				0DB2833221D8313A008FB962 /* MessagesController.swift */,
				0D41576621DA3D99002EF80C /* NewMessageController.swift */,
				0DB9F38121DD0BB400FCEC88 /* LoginController + handlers.swift */,
				0DB9F33921DD07C600FCEC88 /* ChatLogController.swift */,
			);
			path = Controller;
			sourceTree = "<group>";
		};
		0DB9F37721DD097600FCEC88 /* Helpers */ = {
			isa = PBXGroup;
			children = (
				0DB9F37921DD09C400FCEC88 /* Extensions.swift */,
			);
			name = Helpers;
			path = "New Group";
			sourceTree = "<group>";
		};
		0DB9F37821DD098800FCEC88 /* Model */ = {
			isa = PBXGroup;
			children = (
				0DB9F37B21DD09D500FCEC88 /* User.swift */,
			);
			path = Model;
			sourceTree = "<group>";
		};
		7B0AF07A21B78DC93FE7701C /* Frameworks */ = {
			isa = PBXGroup;
			children = (
				414B1189426A9F87598CB332 /* Pods_choice.framework */,
			);
			name = Frameworks;
			sourceTree = "<group>";
		};
		BA932117677E4490BB9E2CE1 /* Pods */ = {
			isa = PBXGroup;
			children = (
				A97CD5248E126D93946D1E4A /* Pods-choice.debug.xcconfig */,
				9687A7299387C6FADDE73839 /* Pods-choice.release.xcconfig */,
			);
			name = Pods;
			sourceTree = "<group>";
		};
/* End PBXGroup section */

/* Begin PBXNativeTarget section */
		0DB2832C21D8313A008FB962 /* choice */ = {
			isa = PBXNativeTarget;
			buildConfigurationList = 0DB2833F21D83142008FB962 /* Build configuration list for PBXNativeTarget "choice" */;
			buildPhases = (
				E3BDA6C4ADC86587661A91CD /* [CP] Check Pods Manifest.lock */,
				0DB2832921D8313A008FB962 /* Sources */,
				0DB2832A21D8313A008FB962 /* Frameworks */,
				0DB2832B21D8313A008FB962 /* Resources */,
				C84DD1FD567463353A493C24 /* [CP] Embed Pods Frameworks */,
			);
			buildRules = (
			);
			dependencies = (
			);
			name = choice;
			productName = choice;
			productReference = 0DB2832D21D8313A008FB962 /* choice.app */;
			productType = "com.apple.product-type.application";
		};
/* End PBXNativeTarget section */

/* Begin PBXProject section */
		0DB2832521D8313A008FB962 /* Project object */ = {
			isa = PBXProject;
			attributes = {
				LastSwiftUpdateCheck = 1010;
				LastUpgradeCheck = 1010;
				ORGANIZATIONNAME = "Ivan Prybolovetz";
				TargetAttributes = {
					0DB2832C21D8313A008FB962 = {
						CreatedOnToolsVersion = 10.1;
					};
				};
			};
			buildConfigurationList = 0DB2832821D8313A008FB962 /* Build configuration list for PBXProject "choice" */;
			compatibilityVersion = "Xcode 9.3";
			developmentRegion = en;
			hasScannedForEncodings = 0;
			knownRegions = (
				en,
				Base,
			);
			mainGroup = 0DB2832421D8313A008FB962;
			productRefGroup = 0DB2832E21D8313A008FB962 /* Products */;
			projectDirPath = "";
			projectRoot = "";
			targets = (
				0DB2832C21D8313A008FB962 /* choice */,
			);
		};
/* End PBXProject section */

/* Begin PBXResourcesBuildPhase section */
		0DB2832B21D8313A008FB962 /* Resources */ = {
			isa = PBXResourcesBuildPhase;
			buildActionMask = 2147483647;
			files = (
				0DB2833B21D83142008FB962 /* LaunchScreen.storyboard in Resources */,
				0D17DF4D21DD20BE00257B8F /* GoogleService-Info.plist in Resources */,
				0DB2833821D83142008FB962 /* Assets.xcassets in Resources */,
				0DB2833621D8313A008FB962 /* Main.storyboard in Resources */,
			);
			runOnlyForDeploymentPostprocessing = 0;
		};
/* End PBXResourcesBuildPhase section */

/* Begin PBXShellScriptBuildPhase section */
		C84DD1FD567463353A493C24 /* [CP] Embed Pods Frameworks */ = {
			isa = PBXShellScriptBuildPhase;
			buildActionMask = 2147483647;
			files = (
			);
			inputFileListPaths = (
			);
			inputPaths = (
				"${SRCROOT}/Pods/Target Support Files/Pods-choice/Pods-choice-frameworks.sh",
				"${BUILT_PRODUCTS_DIR}/GTMSessionFetcher/GTMSessionFetcher.framework",
				"${BUILT_PRODUCTS_DIR}/GoogleUtilities/GoogleUtilities.framework",
				"${BUILT_PRODUCTS_DIR}/SwiftKeychainWrapper/SwiftKeychainWrapper.framework",
				"${BUILT_PRODUCTS_DIR}/leveldb-library/leveldb.framework",
				"${BUILT_PRODUCTS_DIR}/nanopb/nanopb.framework",
			);
			name = "[CP] Embed Pods Frameworks";
			outputFileListPaths = (
			);
			outputPaths = (
				"${TARGET_BUILD_DIR}/${FRAMEWORKS_FOLDER_PATH}/GTMSessionFetcher.framework",
				"${TARGET_BUILD_DIR}/${FRAMEWORKS_FOLDER_PATH}/GoogleUtilities.framework",
				"${TARGET_BUILD_DIR}/${FRAMEWORKS_FOLDER_PATH}/SwiftKeychainWrapper.framework",
				"${TARGET_BUILD_DIR}/${FRAMEWORKS_FOLDER_PATH}/leveldb.framework",
				"${TARGET_BUILD_DIR}/${FRAMEWORKS_FOLDER_PATH}/nanopb.framework",
			);
			runOnlyForDeploymentPostprocessing = 0;
			shellPath = /bin/sh;
			shellScript = "\"${SRCROOT}/Pods/Target Support Files/Pods-choice/Pods-choice-frameworks.sh\"\n";
			showEnvVarsInLog = 0;
		};
		E3BDA6C4ADC86587661A91CD /* [CP] Check Pods Manifest.lock */ = {
			isa = PBXShellScriptBuildPhase;
			buildActionMask = 2147483647;
			files = (
			);
			inputFileListPaths = (
			);
			inputPaths = (
				"${PODS_PODFILE_DIR_PATH}/Podfile.lock",
				"${PODS_ROOT}/Manifest.lock",
			);
			name = "[CP] Check Pods Manifest.lock";
			outputFileListPaths = (
			);
			outputPaths = (
				"$(DERIVED_FILE_DIR)/Pods-choice-checkManifestLockResult.txt",
			);
			runOnlyForDeploymentPostprocessing = 0;
			shellPath = /bin/sh;
			shellScript = "diff \"${PODS_PODFILE_DIR_PATH}/Podfile.lock\" \"${PODS_ROOT}/Manifest.lock\" > /dev/null\nif [ $? != 0 ] ; then\n    # print error to STDERR\n    echo \"error: The sandbox is not in sync with the Podfile.lock. Run 'pod install' or update your CocoaPods installation.\" >&2\n    exit 1\nfi\n# This output is used by Xcode 'outputs' to avoid re-running this script phase.\necho \"SUCCESS\" > \"${SCRIPT_OUTPUT_FILE_0}\"\n";
			showEnvVarsInLog = 0;
		};
/* End PBXShellScriptBuildPhase section */

/* Begin PBXSourcesBuildPhase section */
		0DB2832921D8313A008FB962 /* Sources */ = {
			isa = PBXSourcesBuildPhase;
			buildActionMask = 2147483647;
			files = (
				0DB9F33A21DD07C600FCEC88 /* ChatLogController.swift in Sources */,
				0D41576721DA3D9A002EF80C /* NewMessageController.swift in Sources */,
				0DB2833321D8313A008FB962 /* MessagesController.swift in Sources */,
				0DB9F38221DD0BB400FCEC88 /* LoginController + handlers.swift in Sources */,
				0DB2836D21D834A6008FB962 /* LoginController.swift in Sources */,
				0DB9F37C21DD09D500FCEC88 /* User.swift in Sources */,
				0DB2833121D8313A008FB962 /* AppDelegate.swift in Sources */,
				0DB9F37A21DD09C400FCEC88 /* Extensions.swift in Sources */,
			);
			runOnlyForDeploymentPostprocessing = 0;
		};
/* End PBXSourcesBuildPhase section */

/* Begin PBXVariantGroup section */
		0DB2833421D8313A008FB962 /* Main.storyboard */ = {
			isa = PBXVariantGroup;
			children = (
				0DB2833521D8313A008FB962 /* Base */,
			);
			name = Main.storyboard;
			sourceTree = "<group>";
		};
		0DB2833921D83142008FB962 /* LaunchScreen.storyboard */ = {
			isa = PBXVariantGroup;
			children = (
				0DB2833A21D83142008FB962 /* Base */,
			);
			name = LaunchScreen.storyboard;
			sourceTree = "<group>";
		};
/* End PBXVariantGroup section */

/* Begin XCBuildConfiguration section */
		0DB2833D21D83142008FB962 /* Debug */ = {
			isa = XCBuildConfiguration;
			buildSettings = {
				ALWAYS_SEARCH_USER_PATHS = NO;
				CLANG_ANALYZER_NONNULL = YES;
				CLANG_ANALYZER_NUMBER_OBJECT_CONVERSION = YES_AGGRESSIVE;
				CLANG_CXX_LANGUAGE_STANDARD = "gnu++14";
				CLANG_CXX_LIBRARY = "libc++";
				CLANG_ENABLE_MODULES = YES;
				CLANG_ENABLE_OBJC_ARC = YES;
				CLANG_ENABLE_OBJC_WEAK = YES;
				CLANG_WARN_BLOCK_CAPTURE_AUTORELEASING = YES;
				CLANG_WARN_BOOL_CONVERSION = YES;
				CLANG_WARN_COMMA = YES;
				CLANG_WARN_CONSTANT_CONVERSION = YES;
				CLANG_WARN_DEPRECATED_OBJC_IMPLEMENTATIONS = YES;
				CLANG_WARN_DIRECT_OBJC_ISA_USAGE = YES_ERROR;
				CLANG_WARN_DOCUMENTATION_COMMENTS = YES;
				CLANG_WARN_EMPTY_BODY = YES;
				CLANG_WARN_ENUM_CONVERSION = YES;
				CLANG_WARN_INFINITE_RECURSION = YES;
				CLANG_WARN_INT_CONVERSION = YES;
				CLANG_WARN_NON_LITERAL_NULL_CONVERSION = YES;
				CLANG_WARN_OBJC_IMPLICIT_RETAIN_SELF = YES;
				CLANG_WARN_OBJC_LITERAL_CONVERSION = YES;
				CLANG_WARN_OBJC_ROOT_CLASS = YES_ERROR;
				CLANG_WARN_RANGE_LOOP_ANALYSIS = YES;
				CLANG_WARN_STRICT_PROTOTYPES = YES;
				CLANG_WARN_SUSPICIOUS_MOVE = YES;
				CLANG_WARN_UNGUARDED_AVAILABILITY = YES_AGGRESSIVE;
				CLANG_WARN_UNREACHABLE_CODE = YES;
				CLANG_WARN__DUPLICATE_METHOD_MATCH = YES;
				CODE_SIGN_IDENTITY = "iPhone Developer";
				COPY_PHASE_STRIP = NO;
				DEBUG_INFORMATION_FORMAT = dwarf;
				ENABLE_STRICT_OBJC_MSGSEND = YES;
				ENABLE_TESTABILITY = YES;
				GCC_C_LANGUAGE_STANDARD = gnu11;
				GCC_DYNAMIC_NO_PIC = NO;
				GCC_NO_COMMON_BLOCKS = YES;
				GCC_OPTIMIZATION_LEVEL = 0;
				GCC_PREPROCESSOR_DEFINITIONS = (
					"DEBUG=1",
					"$(inherited)",
				);
				GCC_WARN_64_TO_32_BIT_CONVERSION = YES;
				GCC_WARN_ABOUT_RETURN_TYPE = YES_ERROR;
				GCC_WARN_UNDECLARED_SELECTOR = YES;
				GCC_WARN_UNINITIALIZED_AUTOS = YES_AGGRESSIVE;
				GCC_WARN_UNUSED_FUNCTION = YES;
				GCC_WARN_UNUSED_VARIABLE = YES;
				IPHONEOS_DEPLOYMENT_TARGET = 12.1;
				MTL_ENABLE_DEBUG_INFO = INCLUDE_SOURCE;
				MTL_FAST_MATH = YES;
				ONLY_ACTIVE_ARCH = YES;
				SDKROOT = iphoneos;
				SWIFT_ACTIVE_COMPILATION_CONDITIONS = DEBUG;
				SWIFT_OPTIMIZATION_LEVEL = "-Onone";
			};
			name = Debug;
		};
		0DB2833E21D83142008FB962 /* Release */ = {
			isa = XCBuildConfiguration;
			buildSettings = {
				ALWAYS_SEARCH_USER_PATHS = NO;
				CLANG_ANALYZER_NONNULL = YES;
				CLANG_ANALYZER_NUMBER_OBJECT_CONVERSION = YES_AGGRESSIVE;
				CLANG_CXX_LANGUAGE_STANDARD = "gnu++14";
				CLANG_CXX_LIBRARY = "libc++";
				CLANG_ENABLE_MODULES = YES;
				CLANG_ENABLE_OBJC_ARC = YES;
				CLANG_ENABLE_OBJC_WEAK = YES;
				CLANG_WARN_BLOCK_CAPTURE_AUTORELEASING = YES;
				CLANG_WARN_BOOL_CONVERSION = YES;
				CLANG_WARN_COMMA = YES;
				CLANG_WARN_CONSTANT_CONVERSION = YES;
				CLANG_WARN_DEPRECATED_OBJC_IMPLEMENTATIONS = YES;
				CLANG_WARN_DIRECT_OBJC_ISA_USAGE = YES_ERROR;
				CLANG_WARN_DOCUMENTATION_COMMENTS = YES;
				CLANG_WARN_EMPTY_BODY = YES;
				CLANG_WARN_ENUM_CONVERSION = YES;
				CLANG_WARN_INFINITE_RECURSION = YES;
				CLANG_WARN_INT_CONVERSION = YES;
				CLANG_WARN_NON_LITERAL_NULL_CONVERSION = YES;
				CLANG_WARN_OBJC_IMPLICIT_RETAIN_SELF = YES;
				CLANG_WARN_OBJC_LITERAL_CONVERSION = YES;
				CLANG_WARN_OBJC_ROOT_CLASS = YES_ERROR;
				CLANG_WARN_RANGE_LOOP_ANALYSIS = YES;
				CLANG_WARN_STRICT_PROTOTYPES = YES;
				CLANG_WARN_SUSPICIOUS_MOVE = YES;
				CLANG_WARN_UNGUARDED_AVAILABILITY = YES_AGGRESSIVE;
				CLANG_WARN_UNREACHABLE_CODE = YES;
				CLANG_WARN__DUPLICATE_METHOD_MATCH = YES;
				CODE_SIGN_IDENTITY = "iPhone Developer";
				COPY_PHASE_STRIP = NO;
				DEBUG_INFORMATION_FORMAT = "dwarf-with-dsym";
				ENABLE_NS_ASSERTIONS = NO;
				ENABLE_STRICT_OBJC_MSGSEND = YES;
				GCC_C_LANGUAGE_STANDARD = gnu11;
				GCC_NO_COMMON_BLOCKS = YES;
				GCC_WARN_64_TO_32_BIT_CONVERSION = YES;
				GCC_WARN_ABOUT_RETURN_TYPE = YES_ERROR;
				GCC_WARN_UNDECLARED_SELECTOR = YES;
				GCC_WARN_UNINITIALIZED_AUTOS = YES_AGGRESSIVE;
				GCC_WARN_UNUSED_FUNCTION = YES;
				GCC_WARN_UNUSED_VARIABLE = YES;
				IPHONEOS_DEPLOYMENT_TARGET = 12.1;
				MTL_ENABLE_DEBUG_INFO = NO;
				MTL_FAST_MATH = YES;
				SDKROOT = iphoneos;
				SWIFT_COMPILATION_MODE = wholemodule;
				SWIFT_OPTIMIZATION_LEVEL = "-O";
				VALIDATE_PRODUCT = YES;
			};
			name = Release;
		};
		0DB2834021D83142008FB962 /* Debug */ = {
			isa = XCBuildConfiguration;
			baseConfigurationReference = A97CD5248E126D93946D1E4A /* Pods-choice.debug.xcconfig */;
			buildSettings = {
				ASSETCATALOG_COMPILER_APPICON_NAME = AppIcon;
				CODE_SIGN_STYLE = Automatic;
				DEVELOPMENT_TEAM = FF98A6UFXW;
				INFOPLIST_FILE = choice/Info.plist;
				LD_RUNPATH_SEARCH_PATHS = (
					"$(inherited)",
					"@executable_path/Frameworks",
				);
				PRODUCT_BUNDLE_IDENTIFIER = iPry.choice;
				PRODUCT_NAME = "$(TARGET_NAME)";
				SWIFT_VERSION = 4.2;
				TARGETED_DEVICE_FAMILY = "1,2";
			};
			name = Debug;
		};
		0DB2834121D83142008FB962 /* Release */ = {
			isa = XCBuildConfiguration;
			baseConfigurationReference = 9687A7299387C6FADDE73839 /* Pods-choice.release.xcconfig */;
			buildSettings = {
				ASSETCATALOG_COMPILER_APPICON_NAME = AppIcon;
				CODE_SIGN_STYLE = Automatic;
				DEVELOPMENT_TEAM = FF98A6UFXW;
				INFOPLIST_FILE = choice/Info.plist;
				LD_RUNPATH_SEARCH_PATHS = (
					"$(inherited)",
					"@executable_path/Frameworks",
				);
				PRODUCT_BUNDLE_IDENTIFIER = iPry.choice;
				PRODUCT_NAME = "$(TARGET_NAME)";
				SWIFT_VERSION = 4.2;
				TARGETED_DEVICE_FAMILY = "1,2";
			};
			name = Release;
		};
/* End XCBuildConfiguration section */

/* Begin XCConfigurationList section */
		0DB2832821D8313A008FB962 /* Build configuration list for PBXProject "choice" */ = {
			isa = XCConfigurationList;
			buildConfigurations = (
				0DB2833D21D83142008FB962 /* Debug */,
				0DB2833E21D83142008FB962 /* Release */,
			);
			defaultConfigurationIsVisible = 0;
			defaultConfigurationName = Release;
		};
		0DB2833F21D83142008FB962 /* Build configuration list for PBXNativeTarget "choice" */ = {
			isa = XCConfigurationList;
			buildConfigurations = (
				0DB2834021D83142008FB962 /* Debug */,
				0DB2834121D83142008FB962 /* Release */,
			);
			defaultConfigurationIsVisible = 0;
			defaultConfigurationName = Release;
		};
/* End XCConfigurationList section */
	};
	rootObject = 0DB2832521D8313A008FB962 /* Project object */;
}
